<?xml version="1.0" encoding="utf-8"?>
<Project ToolsVersion="4.0" xmlns="http://schemas.microsoft.com/developer/msbuild/2003">
  <ItemGroup>
    <Filter Include="Source Files">
      <UniqueIdentifier>{4FC737F1-C7A5-4376-A066-2A32D752A2FF}</UniqueIdentifier>
      <Extensions>cpp;c;cc;cxx;c++;cppm;ixx;def;odl;idl;hpj;bat;asm;asmx</Extensions>
    </Filter>
    <Filter Include="Header Files">
      <UniqueIdentifier>{93995380-89BD-4b04-88EB-625FBE52EBFB}</UniqueIdentifier>
      <Extensions>h;hh;hpp;hxx;h++;hm;inl;inc;ipp;xsd</Extensions>
    </Filter>
    <Filter Include="Resource Files">
      <UniqueIdentifier>{67DA6AB6-F800-4c08-8B7A-83BB121AAD01}</UniqueIdentifier>
      <Extensions>rc;ico;cur;bmp;dlg;rc2;rct;bin;rgs;gif;jpg;jpeg;jpe;resx;tiff;tif;png;wav;mfcribbon-ms</Extensions>
    </Filter>
  </ItemGroup>
  <ItemGroup>
    <ClCompile Include="main.cpp">
      <Filter>Source Files</Filter>
    </ClCompile>
    <ClCompile Include="Window.cpp">
      <Filter>Source Files</Filter>
    </ClCompile>
    <ClCompile Include="Game.cpp">
      <Filter>Source Files</Filter>
    </ClCompile>
    <ClCompile Include="EventManager.cpp">
      <Filter>Source Files</Filter>
    </ClCompile>
    <ClCompile Include="StateManager.cpp">
      <Filter>Source Files</Filter>
    </ClCompile>
    <ClCompile Include="State_intro.cpp">
      <Filter>Source Files</Filter>
    </ClCompile>
    <ClCompile Include="State_MainMenu.cpp">
      <Filter>Source Files</Filter>
    </ClCompile>
    <ClCompile Include="State_Game.cpp">
      <Filter>Source Files</Filter>
    </ClCompile>
    <ClCompile Include="State_Paused.cpp">
      <Filter>Source Files</Filter>
    </ClCompile>
    <ClCompile Include="Textbox.cpp">
      <Filter>Source Files</Filter>
    </ClCompile>
    <ClCompile Include="Utilitites.cpp">
      <Filter>Source Files</Filter>
    </ClCompile>
    <ClCompile Include="ResourceManager.cpp">
      <Filter>Source Files</Filter>
    </ClCompile>
    <ClCompile Include="TextureManager.cpp">
      <Filter>Source Files</Filter>
    </ClCompile>
    <ClCompile Include="SpriteSheet.cpp">
      <Filter>Source Files</Filter>
    </ClCompile>
    <ClCompile Include="Anim_Base.cpp">
      <Filter>Source Files</Filter>
    </ClCompile>
    <ClCompile Include="Anim_Directional.cpp">
      <Filter>Source Files</Filter>
    </ClCompile>
    <ClCompile Include="Map.cpp">
      <Filter>Source Files</Filter>
    </ClCompile>
    <ClCompile Include="Character.cpp">
      <Filter>Source Files</Filter>
    </ClCompile>
    <ClCompile Include="Player.cpp">
      <Filter>Source Files</Filter>
    </ClCompile>
    <ClCompile Include="Enemy.cpp">
      <Filter>Source Files</Filter>
    </ClCompile>
    <ClCompile Include="C_Base.cpp">
      <Filter>Source Files</Filter>
    </ClCompile>
    <ClCompile Include="C_Position.cpp">
      <Filter>Source Files</Filter>
    </ClCompile>
    <ClCompile Include="Bitmask.cpp">
      <Filter>Source Files</Filter>
    </ClCompile>
    <ClCompile Include="EntityManagerNew.cpp">
      <Filter>Source Files</Filter>
    </ClCompile>
    <ClCompile Include="EventQueue.cpp">
      <Filter>Source Files</Filter>
    </ClCompile>
    <ClCompile Include="EntityEventEnum.h">
      <Filter>Header Files</Filter>
    </ClCompile>
    <ClCompile Include="S_Base.cpp">
      <Filter>Source Files</Filter>
    </ClCompile>
    <ClCompile Include="Observer.cpp">
      <Filter>Source Files</Filter>
    </ClCompile>
    <ClCompile Include="SystemManager.cpp">
      <Filter>Source Files</Filter>
    </ClCompile>
    <ClCompile Include="C_Drawable.cpp">
      <Filter>Source Files</Filter>
    </ClCompile>
    <ClCompile Include="C_SpriteSheet.cpp">
      <Filter>Source Files</Filter>
    </ClCompile>
    <ClCompile Include="S_Renderer.cpp">
      <Filter>Source Files</Filter>
    </ClCompile>
    <ClCompile Include="Entity.cpp">
      <Filter>Source Files</Filter>
    </ClCompile>
    <ClCompile Include="C_Movable.cpp">
      <Filter>Source Files</Filter>
    </ClCompile>
    <ClCompile Include="S_Movement.cpp">
      <Filter>Source Files</Filter>
    </ClCompile>
    <ClCompile Include="C_State.cpp">
      <Filter>Source Files</Filter>
    </ClCompile>
    <ClCompile Include="S_State.cpp">
      <Filter>Source Files</Filter>
    </ClCompile>
    <ClCompile Include="C_Controller.cpp">
      <Filter>Source Files</Filter>
    </ClCompile>
    <ClCompile Include="S_Control.cpp">
      <Filter>Source Files</Filter>
    </ClCompile>
    <ClCompile Include="S_SheetAnimation.cpp">
      <Filter>Source Files</Filter>
    </ClCompile>
    <ClCompile Include="C_Collidable.cpp">
      <Filter>Source Files</Filter>
    </ClCompile>
    <ClCompile Include="S_Collision.cpp">
      <Filter>Source Files</Filter>
    </ClCompile>
    <ClCompile Include="FontManager.cpp">
      <Filter>Source Files</Filter>
    </ClCompile>
    <ClCompile Include="GUI_Interface.cpp">
      <Filter>Source Files</Filter>
    </ClCompile>
    <ClCompile Include="GUI_Manager.cpp">
      <Filter>Source Files</Filter>
    </ClCompile>
    <ClCompile Include="GUI_Label.cpp">
      <Filter>Source Files</Filter>
    </ClCompile>
    <ClCompile Include="GUI_Textfield.cpp">
      <Filter>Source Files</Filter>
    </ClCompile>
    <ClCompile Include="GUI_Scrollbar.cpp">
      <Filter>Source Files</Filter>
    </ClCompile>
    <ClCompile Include="GUI_Element.cpp">
      <Filter>Source Files</Filter>
    </ClCompile>
  </ItemGroup>
  <ItemGroup>
    <ClInclude Include="Game.h">
      <Filter>Header Files</Filter>
    </ClInclude>
    <ClInclude Include="EventManager.h">
      <Filter>Header Files</Filter>
    </ClInclude>
    <ClInclude Include="Window.h">
      <Filter>Header Files</Filter>
    </ClInclude>
    <ClInclude Include="StateManager.h">
      <Filter>Header Files</Filter>
    </ClInclude>
    <ClInclude Include="State_intro.h">
      <Filter>Header Files</Filter>
    </ClInclude>
    <ClInclude Include="State_MainMenu.h">
      <Filter>Header Files</Filter>
    </ClInclude>
    <ClInclude Include="State_Game.h">
      <Filter>Header Files</Filter>
    </ClInclude>
    <ClInclude Include="State_Paused.h">
      <Filter>Header Files</Filter>
    </ClInclude>
    <ClInclude Include="Textbox.h">
      <Filter>Header Files</Filter>
    </ClInclude>
    <ClInclude Include="Utilitites.h">
      <Filter>Header Files</Filter>
    </ClInclude>
    <ClInclude Include="ResourceManager.h">
      <Filter>Header Files</Filter>
    </ClInclude>
    <ClInclude Include="TextureManager.h">
      <Filter>Header Files</Filter>
    </ClInclude>
    <ClInclude Include="SpriteSheet.h">
      <Filter>Header Files</Filter>
    </ClInclude>
    <ClInclude Include="Anim_Base.h">
      <Filter>Header Files</Filter>
    </ClInclude>
    <ClInclude Include="Directions.h">
      <Filter>Header Files</Filter>
    </ClInclude>
    <ClInclude Include="Anim_Directional.h">
      <Filter>Header Files</Filter>
    </ClInclude>
    <ClInclude Include="Map.h">
      <Filter>Header Files</Filter>
    </ClInclude>
    <ClInclude Include="Character.h">
      <Filter>Header Files</Filter>
    </ClInclude>
    <ClInclude Include="Player.h">
      <Filter>Header Files</Filter>
    </ClInclude>
    <ClInclude Include="Enemy.h">
      <Filter>Header Files</Filter>
    </ClInclude>
    <ClInclude Include="ECS_Types.h">
      <Filter>Header Files</Filter>
    </ClInclude>
    <ClInclude Include="C_Base.h">
      <Filter>Header Files</Filter>
    </ClInclude>
    <ClInclude Include="C_Position.h">
      <Filter>Header Files</Filter>
    </ClInclude>
    <ClInclude Include="Bitmask.h">
      <Filter>Header Files</Filter>
    </ClInclude>
    <ClInclude Include="EntityManagerNew.h">
      <Filter>Header Files</Filter>
    </ClInclude>
    <ClInclude Include="EventQueue.h">
      <Filter>Header Files</Filter>
    </ClInclude>
    <ClInclude Include="S_Base.h">
      <Filter>Header Files</Filter>
    </ClInclude>
    <ClInclude Include="Observer.h">
      <Filter>Header Files</Filter>
    </ClInclude>
    <ClInclude Include="EntityMessages.h">
      <Filter>Header Files</Filter>
    </ClInclude>
    <ClInclude Include="SystemManager.h">
      <Filter>Header Files</Filter>
    </ClInclude>
    <ClInclude Include="C_Drawable.h">
      <Filter>Header Files</Filter>
    </ClInclude>
    <ClInclude Include="C_SpriteSheet.h">
      <Filter>Header Files</Filter>
    </ClInclude>
    <ClInclude Include="S_Renderer.h">
      <Filter>Header Files</Filter>
    </ClInclude>
    <ClInclude Include="Entity.h">
      <Filter>Header Files</Filter>
    </ClInclude>
    <ClInclude Include="C_Movable.h">
      <Filter>Header Files</Filter>
    </ClInclude>
    <ClInclude Include="S_Movement.h">
      <Filter>Header Files</Filter>
    </ClInclude>
    <ClInclude Include="C_State.h">
      <Filter>Header Files</Filter>
    </ClInclude>
    <ClInclude Include="S_State.h">
      <Filter>Header Files</Filter>
    </ClInclude>
    <ClInclude Include="C_Controller.h">
      <Filter>Header Files</Filter>
    </ClInclude>
    <ClInclude Include="S_Control.h">
      <Filter>Header Files</Filter>
    </ClInclude>
    <ClInclude Include="S_SheetAnimation.h">
      <Filter>Header Files</Filter>
    </ClInclude>
    <ClInclude Include="C_Collidable.h">
      <Filter>Header Files</Filter>
    </ClInclude>
    <ClInclude Include="S_Collision.h">
      <Filter>Header Files</Filter>
    </ClInclude>
    <ClInclude Include="FontManager.h">
      <Filter>Header Files</Filter>
    </ClInclude>
    <ClInclude Include="GUI_Events.h">
      <Filter>Header Files</Filter>
    </ClInclude>
    <ClInclude Include="GUI_Interface.h">
      <Filter>Header Files</Filter>
    </ClInclude>
    <ClInclude Include="GUI_Manager.h">
      <Filter>Header Files</Filter>
    </ClInclude>
    <ClInclude Include="GUI_Label.h">
      <Filter>Header Files</Filter>
    </ClInclude>
    <ClInclude Include="GUI_Textfield.h">
      <Filter>Header Files</Filter>
    </ClInclude>
    <ClInclude Include="GUI_Scrollbar.h">
      <Filter>Header Files</Filter>
    </ClInclude>
    <ClInclude Include="GUI_Element.h">
      <Filter>Header Files</Filter>
    </ClInclude>
  </ItemGroup>
</Project>